lockfileVersion: '9.0'

settings:
  autoInstallPeers: true
  excludeLinksFromLockfile: false

importers:

  .:
    dependencies:
      tone:
        specifier: ^15.0.4
        version: 15.0.4

packages:

  '@babel/runtime@7.25.6':
    resolution: {integrity: sha512-VBj9MYyDb9tuLq7yzqjgzt6Q+IBQLrGZfdjOekyEirZPHxXWoTSGUTMrpsfi58Up73d13NfYLv8HT9vmznjzhQ==}
    engines: {node: '>=6.9.0'}

  automation-events@7.0.9:
    resolution: {integrity: sha512-BvN5ynKILdG5UoONshTQu+9W1LXXtBR//OHvAjOe1XfQ1Y4muFyApjcG71alVIyVwsJLBjbh1jqbTrU22FuZEA==}
    engines: {node: '>=18.2.0'}

  regenerator-runtime@0.14.1:
    resolution: {integrity: sha512-dYnhHh0nJoMfnkZs6GmmhFknAGRrLznOu5nc9ML+EJxGvrx6H7teuevqVqCuPcPK//3eDrrjQhehXVx9cnkGdw==}

  standardized-audio-context@25.3.77:
    resolution: {integrity: sha512-Ki9zNz6pKcC5Pi+QPjPyVsD9GwJIJWgryji0XL9cAJXMGyn+dPOf6Qik1AHei0+UNVcc4BOCa0hWLBzlwqsW/A==}

  tone@15.0.4:
    resolution: {integrity: sha512-Fr2xATgdkNhzwMZhrU0DXpkXQyambq73hjHRrBiC0Wkc6aPYRdmkySE9kRFAW878zgMiD+Lqvn/uNHt/7hbdnQ==}

  tslib@2.7.0:
    resolution: {integrity: sha512-gLXCKdN1/j47AiHiOkJN69hJmcbGTHI0ImLmbYLHykhgeN0jVGola9yVjFgzCUklsZQMW55o+dW7IXv3RCXDzA==}

snapshots:

  '@babel/runtime@7.25.6':
    dependencies:
      regenerator-runtime: 0.14.1

  automation-events@7.0.9:
    dependencies:
      '@babel/runtime': 7.25.6
      tslib: 2.7.0

  regenerator-runtime@0.14.1: {}

  standardized-audio-context@25.3.77:
    dependencies:
      '@babel/runtime': 7.25.6
      automation-events: 7.0.9
      tslib: 2.7.0

  tone@15.0.4:
    dependencies:
      standardized-audio-context: 25.3.77
      tslib: 2.7.0

  tslib@2.7.0: {}
